// !$*UTF8*$!
{
	archiveVersion = 1;
	classes = {
	};
	objectVersion = 50;
	objects = {

/* Begin PBXBuildFile section */
		4C408B4F509EB96853ED767D /* libPods-ObjectiveC.a in Frameworks */ = {isa = PBXBuildFile; fileRef = 0137F9D88FF50D453822F7DD /* libPods-ObjectiveC.a */; };
		5609875725B12FF700F5586D /* DrawViewController.m in Sources */ = {isa = PBXBuildFile; fileRef = 5609875625B12FF700F5586D /* DrawViewController.m */; };
		5609875A25B1300800F5586D /* DrawArcView.m in Sources */ = {isa = PBXBuildFile; fileRef = 5609875925B1300800F5586D /* DrawArcView.m */; };
		561643332519E68900F98325 /* UIGestureRecognizer+Extension.m in Sources */ = {isa = PBXBuildFile; fileRef = 561643312519E68900F98325 /* UIGestureRecognizer+Extension.m */; };
		561EB4B522C9F21700B88D4D /* DataFormatterViewController.m in Sources */ = {isa = PBXBuildFile; fileRef = 561EB4B422C9F21700B88D4D /* DataFormatterViewController.m */; };
		5622C0DD21AB975100192420 /* TableViewSelectedCellController.m in Sources */ = {isa = PBXBuildFile; fileRef = 5622C0DC21AB975100192420 /* TableViewSelectedCellController.m */; };
		5629A9FC2398EA870060575A /* UICollectionViewCenterItemViewController.m in Sources */ = {isa = PBXBuildFile; fileRef = 5629A9FA2398EA870060575A /* UICollectionViewCenterItemViewController.m */; };
		5629AA502398EEA60060575A /* SDTopListHeaderCollectionFlowLayout.m in Sources */ = {isa = PBXBuildFile; fileRef = 5629AA4E2398EEA60060575A /* SDTopListHeaderCollectionFlowLayout.m */; };
		5631DEE8214216E900692213 /* AppDelegate.m in Sources */ = {isa = PBXBuildFile; fileRef = 5631DEE7214216E900692213 /* AppDelegate.m */; };
		5631DEEB214216E900692213 /* ViewController.m in Sources */ = {isa = PBXBuildFile; fileRef = 5631DEEA214216E900692213 /* ViewController.m */; };
		5631DEF0214216EB00692213 /* Assets.xcassets in Resources */ = {isa = PBXBuildFile; fileRef = 5631DEEF214216EB00692213 /* Assets.xcassets */; };
		5631DEF3214216EB00692213 /* LaunchScreen.storyboard in Resources */ = {isa = PBXBuildFile; fileRef = 5631DEF1214216EB00692213 /* LaunchScreen.storyboard */; };
		5631DEF6214216EB00692213 /* main.m in Sources */ = {isa = PBXBuildFile; fileRef = 5631DEF5214216EB00692213 /* main.m */; };
		5631DEFD2142196C00692213 /* timg.jpeg in Resources */ = {isa = PBXBuildFile; fileRef = 5631DEFC2142196C00692213 /* timg.jpeg */; };
		5666466827BF9A7400EF9FF0 /* XcodeViewController.m in Sources */ = {isa = PBXBuildFile; fileRef = 5666466727BF9A7400EF9FF0 /* XcodeViewController.m */; };
		5667C3BA277EE15000C182C0 /* CustomAlertViewController.m in Sources */ = {isa = PBXBuildFile; fileRef = 5667C3B9277EE15000C182C0 /* CustomAlertViewController.m */; };
		56692CCC27735C2300BA160B /* BundleIdViewController.m in Sources */ = {isa = PBXBuildFile; fileRef = 56692CCB27735C2300BA160B /* BundleIdViewController.m */; };
		5669614026F1989D003C933A /* JDInfoViewController.m in Sources */ = {isa = PBXBuildFile; fileRef = 5669613F26F1989D003C933A /* JDInfoViewController.m */; };
		566D3D59214F997C00826545 /* ScrollHeaderViewController.m in Sources */ = {isa = PBXBuildFile; fileRef = 566D3D58214F997C00826545 /* ScrollHeaderViewController.m */; };
		566D3D5D214F9DAA00826545 /* MenuViewController.m in Sources */ = {isa = PBXBuildFile; fileRef = 566D3D5C214F9DAA00826545 /* MenuViewController.m */; };
		566E1A7D24A1D5A100256B86 /* TTTAttributedLabel.m in Sources */ = {isa = PBXBuildFile; fileRef = 566E1A7C24A1D5A100256B86 /* TTTAttributedLabel.m */; };
		5678C21D21B502BC004F02BA /* TextLabelViewController.m in Sources */ = {isa = PBXBuildFile; fileRef = 5678C21C21B502BC004F02BA /* TextLabelViewController.m */; };
		5678C30221B681FE004F02BA /* NSAttributedString+JKAdditions.m in Sources */ = {isa = PBXBuildFile; fileRef = 5678C30121B681FE004F02BA /* NSAttributedString+JKAdditions.m */; };
		5678C30521B6837C004F02BA /* CoreText.framework in Frameworks */ = {isa = PBXBuildFile; fileRef = 5678C30421B6837C004F02BA /* CoreText.framework */; };
		569228B92374170400FC3231 /* UIStackViewController.m in Sources */ = {isa = PBXBuildFile; fileRef = 569228B82374170400FC3231 /* UIStackViewController.m */; };
		5694B54B250F4E4500432BEE /* SAMKeychainQuery.m in Sources */ = {isa = PBXBuildFile; fileRef = 5694B547250F4E4500432BEE /* SAMKeychainQuery.m */; };
		5694B54C250F4E4500432BEE /* SAMKeychain.m in Sources */ = {isa = PBXBuildFile; fileRef = 5694B54A250F4E4500432BEE /* SAMKeychain.m */; };
		56AE8F5A26C4FA5C00919BA3 /* CoreTelephony.framework in Frameworks */ = {isa = PBXBuildFile; fileRef = 56AE8F5926C4FA5C00919BA3 /* CoreTelephony.framework */; };
		56AE8F5C26C4FA6200919BA3 /* SystemConfiguration.framework in Frameworks */ = {isa = PBXBuildFile; fileRef = 56AE8F5B26C4FA6200919BA3 /* SystemConfiguration.framework */; };
		56AE8F5F26C4FA7200919BA3 /* CarrierViewController.m in Sources */ = {isa = PBXBuildFile; fileRef = 56AE8F5E26C4FA7200919BA3 /* CarrierViewController.m */; };
		56AE8F6226C60B6400919BA3 /* STKNetworkReachabilityManager.m in Sources */ = {isa = PBXBuildFile; fileRef = 56AE8F6026C60B6400919BA3 /* STKNetworkReachabilityManager.m */; };
		56B23D392188594000048159 /* SearchContentViewController.m in Sources */ = {isa = PBXBuildFile; fileRef = 56B23D382188594000048159 /* SearchContentViewController.m */; };
		56B322BA222E242B00F25511 /* MasonryViewController.m in Sources */ = {isa = PBXBuildFile; fileRef = 56B322B9222E242B00F25511 /* MasonryViewController.m */; };
		56B322BE222E24B600F25511 /* UIView+Extension.m in Sources */ = {isa = PBXBuildFile; fileRef = 56B322BD222E24B600F25511 /* UIView+Extension.m */; };
		56B83BF7278C6C3700482C94 /* JDTTransition.m in Sources */ = {isa = PBXBuildFile; fileRef = 56B83BF5278C6C3700482C94 /* JDTTransition.m */; };
		56B83BFA278C6C4E00482C94 /* TransitionViewController.m in Sources */ = {isa = PBXBuildFile; fileRef = 56B83BF9278C6C4E00482C94 /* TransitionViewController.m */; };
		56D278E425209A150065A2C5 /* UIButton+Utilities.m in Sources */ = {isa = PBXBuildFile; fileRef = 56D278E325209A150065A2C5 /* UIButton+Utilities.m */; };
		56D839322505C9F200499C8B /* SKTouchFaceIDViewController.m in Sources */ = {isa = PBXBuildFile; fileRef = 56D839312505C9F200499C8B /* SKTouchFaceIDViewController.m */; };
		56D839352505CA0100499C8B /* SKTouchFaceIDManager.m in Sources */ = {isa = PBXBuildFile; fileRef = 56D839342505CA0100499C8B /* SKTouchFaceIDManager.m */; };
		56D839372505CA1200499C8B /* Security.framework in Frameworks */ = {isa = PBXBuildFile; fileRef = 56D839362505CA1200499C8B /* Security.framework */; };
		56D839392505CCF900499C8B /* LocalAuthentication.framework in Frameworks */ = {isa = PBXBuildFile; fileRef = 56D839382505CCF900499C8B /* LocalAuthentication.framework */; };
		56E5009423B0BDA7003CCC22 /* TempViewController.m in Sources */ = {isa = PBXBuildFile; fileRef = 56E5009323B0BDA7003CCC22 /* TempViewController.m */; };
		56E5009723B0BDB1003CCC22 /* SKFancyChartManager.m in Sources */ = {isa = PBXBuildFile; fileRef = 56E5009523B0BDB0003CCC22 /* SKFancyChartManager.m */; };
		56E83F7225B7D7190046C2BD /* SKDashboardChartView.m in Sources */ = {isa = PBXBuildFile; fileRef = 56E83F7025B7D7190046C2BD /* SKDashboardChartView.m */; };
		56E83F7B25B7D77D0046C2BD /* dashboard_point-skin0@2x.png in Resources */ = {isa = PBXBuildFile; fileRef = 56E83F7925B7D77D0046C2BD /* dashboard_point-skin0@2x.png */; };
		56E83F7C25B7D77D0046C2BD /* dashboard_point-skin0@3x.png in Resources */ = {isa = PBXBuildFile; fileRef = 56E83F7A25B7D77D0046C2BD /* dashboard_point-skin0@3x.png */; };
		56F13BB42721543000B83A77 /* NSDate+SAMAdditions.m in Sources */ = {isa = PBXBuildFile; fileRef = 56F13BB32721543000B83A77 /* NSDate+SAMAdditions.m */; };
		56F4F40D2694574400DC1327 /* ExchangeIMPViewController.m in Sources */ = {isa = PBXBuildFile; fileRef = 56F4F40C2694574400DC1327 /* ExchangeIMPViewController.m */; };
		56F4F4B32696E85600DC1327 /* AVCaptureScanViewController.m in Sources */ = {isa = PBXBuildFile; fileRef = 56F4F4B22696E85600DC1327 /* AVCaptureScanViewController.m */; };
		56F4F4B62696F32F00DC1327 /* ImageShowViewController.m in Sources */ = {isa = PBXBuildFile; fileRef = 56F4F4B52696F32F00DC1327 /* ImageShowViewController.m */; };
		56F6B70022AF569B004CD3E8 /* ObjectiveCTests.m in Sources */ = {isa = PBXBuildFile; fileRef = 56F6B6FF22AF569B004CD3E8 /* ObjectiveCTests.m */; };
		56FBB02022C3631400B62637 /* MethodSwizzlingViewController.m in Sources */ = {isa = PBXBuildFile; fileRef = 56FBB01F22C3631400B62637 /* MethodSwizzlingViewController.m */; };
		8A77CC6C2AF1031B00A5902F /* AlignmentViewController.m in Sources */ = {isa = PBXBuildFile; fileRef = 8A77CC6B2AF1031B00A5902F /* AlignmentViewController.m */; };
		8A77CC6F2AF12D2400A5902F /* YYTTTAttributedLabel.m in Sources */ = {isa = PBXBuildFile; fileRef = 8A77CC6D2AF12D2400A5902F /* YYTTTAttributedLabel.m */; };
		8AC992E52AC2B4F500F029ED /* DistanceViewController.m in Sources */ = {isa = PBXBuildFile; fileRef = 8AC992E42AC2B4F500F029ED /* DistanceViewController.m */; };
/* End PBXBuildFile section */

/* Begin PBXContainerItemProxy section */
		56F6B70222AF569B004CD3E8 /* PBXContainerItemProxy */ = {
			isa = PBXContainerItemProxy;
			containerPortal = 5631DEDB214216E900692213 /* Project object */;
			proxyType = 1;
			remoteGlobalIDString = 5631DEE2214216E900692213;
			remoteInfo = ObjectiveC;
		};
/* End PBXContainerItemProxy section */

/* Begin PBXCopyFilesBuildPhase section */
		5669615226F1D854003C933A /* Embed Frameworks */ = {
			isa = PBXCopyFilesBuildPhase;
			buildActionMask = 2147483647;
			dstPath = "";
			dstSubfolderSpec = 10;
			files = (
			);
			name = "Embed Frameworks";
			runOnlyForDeploymentPostprocessing = 0;
		};
/* End PBXCopyFilesBuildPhase section */

/* Begin PBXFileReference section */
		0137F9D88FF50D453822F7DD /* libPods-ObjectiveC.a */ = {isa = PBXFileReference; explicitFileType = archive.ar; includeInIndex = 0; path = "libPods-ObjectiveC.a"; sourceTree = BUILT_PRODUCTS_DIR; };
		36BFF87AC8F9E74D1D02771C /* Pods-ObjectiveC.debug.xcconfig */ = {isa = PBXFileReference; includeInIndex = 1; lastKnownFileType = text.xcconfig; name = "Pods-ObjectiveC.debug.xcconfig"; path = "Pods/Target Support Files/Pods-ObjectiveC/Pods-ObjectiveC.debug.xcconfig"; sourceTree = "<group>"; };
		4C6FBB53E66BB5A5EF04474C /* Pods-ObjectiveC.release.xcconfig */ = {isa = PBXFileReference; includeInIndex = 1; lastKnownFileType = text.xcconfig; name = "Pods-ObjectiveC.release.xcconfig"; path = "Pods/Target Support Files/Pods-ObjectiveC/Pods-ObjectiveC.release.xcconfig"; sourceTree = "<group>"; };
		5609875525B12FF700F5586D /* DrawViewController.h */ = {isa = PBXFileReference; lastKnownFileType = sourcecode.c.h; path = DrawViewController.h; sourceTree = "<group>"; };
		5609875625B12FF700F5586D /* DrawViewController.m */ = {isa = PBXFileReference; lastKnownFileType = sourcecode.c.objc; path = DrawViewController.m; sourceTree = "<group>"; };
		5609875825B1300800F5586D /* DrawArcView.h */ = {isa = PBXFileReference; lastKnownFileType = sourcecode.c.h; path = DrawArcView.h; sourceTree = "<group>"; };
		5609875925B1300800F5586D /* DrawArcView.m */ = {isa = PBXFileReference; lastKnownFileType = sourcecode.c.objc; path = DrawArcView.m; sourceTree = "<group>"; };
		561643312519E68900F98325 /* UIGestureRecognizer+Extension.m */ = {isa = PBXFileReference; fileEncoding = 4; lastKnownFileType = sourcecode.c.objc; path = "UIGestureRecognizer+Extension.m"; sourceTree = "<group>"; };
		561643322519E68900F98325 /* UIGestureRecognizer+Extension.h */ = {isa = PBXFileReference; fileEncoding = 4; lastKnownFileType = sourcecode.c.h; path = "UIGestureRecognizer+Extension.h"; sourceTree = "<group>"; };
		561EB4B322C9F21700B88D4D /* DataFormatterViewController.h */ = {isa = PBXFileReference; lastKnownFileType = sourcecode.c.h; path = DataFormatterViewController.h; sourceTree = "<group>"; };
		561EB4B422C9F21700B88D4D /* DataFormatterViewController.m */ = {isa = PBXFileReference; lastKnownFileType = sourcecode.c.objc; path = DataFormatterViewController.m; sourceTree = "<group>"; };
		5622C0DB21AB975100192420 /* TableViewSelectedCellController.h */ = {isa = PBXFileReference; lastKnownFileType = sourcecode.c.h; path = TableViewSelectedCellController.h; sourceTree = "<group>"; };
		5622C0DC21AB975100192420 /* TableViewSelectedCellController.m */ = {isa = PBXFileReference; lastKnownFileType = sourcecode.c.objc; path = TableViewSelectedCellController.m; sourceTree = "<group>"; };
		5629A9FA2398EA870060575A /* UICollectionViewCenterItemViewController.m */ = {isa = PBXFileReference; fileEncoding = 4; lastKnownFileType = sourcecode.c.objc; path = UICollectionViewCenterItemViewController.m; sourceTree = "<group>"; };
		5629A9FB2398EA870060575A /* UICollectionViewCenterItemViewController.h */ = {isa = PBXFileReference; fileEncoding = 4; lastKnownFileType = sourcecode.c.h; path = UICollectionViewCenterItemViewController.h; sourceTree = "<group>"; };
		5629AA4E2398EEA60060575A /* SDTopListHeaderCollectionFlowLayout.m */ = {isa = PBXFileReference; fileEncoding = 4; lastKnownFileType = sourcecode.c.objc; path = SDTopListHeaderCollectionFlowLayout.m; sourceTree = "<group>"; };
		5629AA4F2398EEA60060575A /* SDTopListHeaderCollectionFlowLayout.h */ = {isa = PBXFileReference; fileEncoding = 4; lastKnownFileType = sourcecode.c.h; path = SDTopListHeaderCollectionFlowLayout.h; sourceTree = "<group>"; };
		5631DEE3214216E900692213 /* ObjectiveC.app */ = {isa = PBXFileReference; explicitFileType = wrapper.application; includeInIndex = 0; path = ObjectiveC.app; sourceTree = BUILT_PRODUCTS_DIR; };
		5631DEE6214216E900692213 /* AppDelegate.h */ = {isa = PBXFileReference; lastKnownFileType = sourcecode.c.h; path = AppDelegate.h; sourceTree = "<group>"; };
		5631DEE7214216E900692213 /* AppDelegate.m */ = {isa = PBXFileReference; lastKnownFileType = sourcecode.c.objc; path = AppDelegate.m; sourceTree = "<group>"; };
		5631DEE9214216E900692213 /* ViewController.h */ = {isa = PBXFileReference; lastKnownFileType = sourcecode.c.h; path = ViewController.h; sourceTree = "<group>"; };
		5631DEEA214216E900692213 /* ViewController.m */ = {isa = PBXFileReference; lastKnownFileType = sourcecode.c.objc; path = ViewController.m; sourceTree = "<group>"; };
		5631DEEF214216EB00692213 /* Assets.xcassets */ = {isa = PBXFileReference; lastKnownFileType = folder.assetcatalog; path = Assets.xcassets; sourceTree = "<group>"; };
		5631DEF2214216EB00692213 /* Base */ = {isa = PBXFileReference; lastKnownFileType = file.storyboard; name = Base; path = Base.lproj/LaunchScreen.storyboard; sourceTree = "<group>"; };
		5631DEF4214216EB00692213 /* Info.plist */ = {isa = PBXFileReference; lastKnownFileType = text.plist.xml; path = Info.plist; sourceTree = "<group>"; };
		5631DEF5214216EB00692213 /* main.m */ = {isa = PBXFileReference; lastKnownFileType = sourcecode.c.objc; path = main.m; sourceTree = "<group>"; };
		5631DEFC2142196C00692213 /* timg.jpeg */ = {isa = PBXFileReference; lastKnownFileType = image.jpeg; path = timg.jpeg; sourceTree = "<group>"; };
		5666466627BF9A7400EF9FF0 /* XcodeViewController.h */ = {isa = PBXFileReference; lastKnownFileType = sourcecode.c.h; path = XcodeViewController.h; sourceTree = "<group>"; };
		5666466727BF9A7400EF9FF0 /* XcodeViewController.m */ = {isa = PBXFileReference; lastKnownFileType = sourcecode.c.objc; path = XcodeViewController.m; sourceTree = "<group>"; };
		5667C3B8277EE15000C182C0 /* CustomAlertViewController.h */ = {isa = PBXFileReference; lastKnownFileType = sourcecode.c.h; path = CustomAlertViewController.h; sourceTree = "<group>"; };
		5667C3B9277EE15000C182C0 /* CustomAlertViewController.m */ = {isa = PBXFileReference; lastKnownFileType = sourcecode.c.objc; path = CustomAlertViewController.m; sourceTree = "<group>"; };
		56692CCA27735C2300BA160B /* BundleIdViewController.h */ = {isa = PBXFileReference; lastKnownFileType = sourcecode.c.h; path = BundleIdViewController.h; sourceTree = "<group>"; };
		56692CCB27735C2300BA160B /* BundleIdViewController.m */ = {isa = PBXFileReference; lastKnownFileType = sourcecode.c.objc; path = BundleIdViewController.m; sourceTree = "<group>"; };
		56692DBC2775C72E00BA160B /* Build.h */ = {isa = PBXFileReference; lastKnownFileType = sourcecode.c.h; path = Build.h; sourceTree = "<group>"; };
		56692DBD2775C72E00BA160B /* Build.docc */ = {isa = PBXFileReference; lastKnownFileType = folder.documentationcatalog; path = Build.docc; sourceTree = "<group>"; };
		56692DCD2775C74E00BA160B /* Buildl.h */ = {isa = PBXFileReference; lastKnownFileType = sourcecode.c.h; path = Buildl.h; sourceTree = "<group>"; };
		56692DCE2775C74E00BA160B /* Buildl.m */ = {isa = PBXFileReference; lastKnownFileType = sourcecode.c.objc; path = Buildl.m; sourceTree = "<group>"; };
		5669613C26F19888003C933A /* JDBBaseInfoModule.framework */ = {isa = PBXFileReference; lastKnownFileType = wrapper.framework; path = JDBBaseInfoModule.framework; sourceTree = "<group>"; };
		5669613E26F1989D003C933A /* JDInfoViewController.h */ = {isa = PBXFileReference; lastKnownFileType = sourcecode.c.h; path = JDInfoViewController.h; sourceTree = "<group>"; };
		5669613F26F1989D003C933A /* JDInfoViewController.m */ = {isa = PBXFileReference; lastKnownFileType = sourcecode.c.objc; path = JDInfoViewController.m; sourceTree = "<group>"; };
		566D3D57214F997C00826545 /* ScrollHeaderViewController.h */ = {isa = PBXFileReference; lastKnownFileType = sourcecode.c.h; path = ScrollHeaderViewController.h; sourceTree = "<group>"; };
		566D3D58214F997C00826545 /* ScrollHeaderViewController.m */ = {isa = PBXFileReference; lastKnownFileType = sourcecode.c.objc; path = ScrollHeaderViewController.m; sourceTree = "<group>"; };
		566D3D5B214F9DAA00826545 /* MenuViewController.h */ = {isa = PBXFileReference; lastKnownFileType = sourcecode.c.h; path = MenuViewController.h; sourceTree = "<group>"; };
		566D3D5C214F9DAA00826545 /* MenuViewController.m */ = {isa = PBXFileReference; lastKnownFileType = sourcecode.c.objc; path = MenuViewController.m; sourceTree = "<group>"; };
		566E1A7B24A1D5A100256B86 /* TTTAttributedLabel.h */ = {isa = PBXFileReference; fileEncoding = 4; lastKnownFileType = sourcecode.c.h; path = TTTAttributedLabel.h; sourceTree = "<group>"; };
		566E1A7C24A1D5A100256B86 /* TTTAttributedLabel.m */ = {isa = PBXFileReference; fileEncoding = 4; lastKnownFileType = sourcecode.c.objc; path = TTTAttributedLabel.m; sourceTree = "<group>"; };
		5678C21B21B502BC004F02BA /* TextLabelViewController.h */ = {isa = PBXFileReference; lastKnownFileType = sourcecode.c.h; path = TextLabelViewController.h; sourceTree = "<group>"; };
		5678C21C21B502BC004F02BA /* TextLabelViewController.m */ = {isa = PBXFileReference; lastKnownFileType = sourcecode.c.objc; path = TextLabelViewController.m; sourceTree = "<group>"; };
		5678C30121B681FE004F02BA /* NSAttributedString+JKAdditions.m */ = {isa = PBXFileReference; fileEncoding = 4; lastKnownFileType = sourcecode.c.objc; path = "NSAttributedString+JKAdditions.m"; sourceTree = "<group>"; };
		5678C30321B68222004F02BA /* NSAttributedString+JKAdditions.h */ = {isa = PBXFileReference; fileEncoding = 4; lastKnownFileType = sourcecode.c.h; path = "NSAttributedString+JKAdditions.h"; sourceTree = "<group>"; };
		5678C30421B6837C004F02BA /* CoreText.framework */ = {isa = PBXFileReference; lastKnownFileType = wrapper.framework; name = CoreText.framework; path = System/Library/Frameworks/CoreText.framework; sourceTree = SDKROOT; };
		569228B72374170400FC3231 /* UIStackViewController.h */ = {isa = PBXFileReference; lastKnownFileType = sourcecode.c.h; path = UIStackViewController.h; sourceTree = "<group>"; };
		569228B82374170400FC3231 /* UIStackViewController.m */ = {isa = PBXFileReference; lastKnownFileType = sourcecode.c.objc; path = UIStackViewController.m; sourceTree = "<group>"; };
		5694B547250F4E4500432BEE /* SAMKeychainQuery.m */ = {isa = PBXFileReference; fileEncoding = 4; lastKnownFileType = sourcecode.c.objc; path = SAMKeychainQuery.m; sourceTree = "<group>"; };
		5694B548250F4E4500432BEE /* SAMKeychain.h */ = {isa = PBXFileReference; fileEncoding = 4; lastKnownFileType = sourcecode.c.h; path = SAMKeychain.h; sourceTree = "<group>"; };
		5694B549250F4E4500432BEE /* SAMKeychainQuery.h */ = {isa = PBXFileReference; fileEncoding = 4; lastKnownFileType = sourcecode.c.h; path = SAMKeychainQuery.h; sourceTree = "<group>"; };
		5694B54A250F4E4500432BEE /* SAMKeychain.m */ = {isa = PBXFileReference; fileEncoding = 4; lastKnownFileType = sourcecode.c.objc; path = SAMKeychain.m; sourceTree = "<group>"; };
		56AE8F5926C4FA5C00919BA3 /* CoreTelephony.framework */ = {isa = PBXFileReference; lastKnownFileType = wrapper.framework; name = CoreTelephony.framework; path = System/Library/Frameworks/CoreTelephony.framework; sourceTree = SDKROOT; };
		56AE8F5B26C4FA6200919BA3 /* SystemConfiguration.framework */ = {isa = PBXFileReference; lastKnownFileType = wrapper.framework; name = SystemConfiguration.framework; path = System/Library/Frameworks/SystemConfiguration.framework; sourceTree = SDKROOT; };
		56AE8F5D26C4FA7200919BA3 /* CarrierViewController.h */ = {isa = PBXFileReference; lastKnownFileType = sourcecode.c.h; path = CarrierViewController.h; sourceTree = "<group>"; };
		56AE8F5E26C4FA7200919BA3 /* CarrierViewController.m */ = {isa = PBXFileReference; lastKnownFileType = sourcecode.c.objc; path = CarrierViewController.m; sourceTree = "<group>"; };
		56AE8F6026C60B6400919BA3 /* STKNetworkReachabilityManager.m */ = {isa = PBXFileReference; fileEncoding = 4; lastKnownFileType = sourcecode.c.objc; path = STKNetworkReachabilityManager.m; sourceTree = "<group>"; };
		56AE8F6126C60B6400919BA3 /* STKNetworkReachabilityManager.h */ = {isa = PBXFileReference; fileEncoding = 4; lastKnownFileType = sourcecode.c.h; path = STKNetworkReachabilityManager.h; sourceTree = "<group>"; };
		56B23D372188594000048159 /* SearchContentViewController.h */ = {isa = PBXFileReference; lastKnownFileType = sourcecode.c.h; path = SearchContentViewController.h; sourceTree = "<group>"; };
		56B23D382188594000048159 /* SearchContentViewController.m */ = {isa = PBXFileReference; lastKnownFileType = sourcecode.c.objc; path = SearchContentViewController.m; sourceTree = "<group>"; };
		56B322B8222E242B00F25511 /* MasonryViewController.h */ = {isa = PBXFileReference; lastKnownFileType = sourcecode.c.h; path = MasonryViewController.h; sourceTree = "<group>"; };
		56B322B9222E242B00F25511 /* MasonryViewController.m */ = {isa = PBXFileReference; lastKnownFileType = sourcecode.c.objc; path = MasonryViewController.m; sourceTree = "<group>"; };
		56B322BC222E24B600F25511 /* UIView+Extension.h */ = {isa = PBXFileReference; fileEncoding = 4; lastKnownFileType = sourcecode.c.h; path = "UIView+Extension.h"; sourceTree = "<group>"; };
		56B322BD222E24B600F25511 /* UIView+Extension.m */ = {isa = PBXFileReference; fileEncoding = 4; lastKnownFileType = sourcecode.c.objc; path = "UIView+Extension.m"; sourceTree = "<group>"; };
		56B83BF5278C6C3700482C94 /* JDTTransition.m */ = {isa = PBXFileReference; fileEncoding = 4; lastKnownFileType = sourcecode.c.objc; path = JDTTransition.m; sourceTree = "<group>"; };
		56B83BF6278C6C3700482C94 /* JDTTransition.h */ = {isa = PBXFileReference; fileEncoding = 4; lastKnownFileType = sourcecode.c.h; path = JDTTransition.h; sourceTree = "<group>"; };
		56B83BF8278C6C4E00482C94 /* TransitionViewController.h */ = {isa = PBXFileReference; lastKnownFileType = sourcecode.c.h; path = TransitionViewController.h; sourceTree = "<group>"; };
		56B83BF9278C6C4E00482C94 /* TransitionViewController.m */ = {isa = PBXFileReference; lastKnownFileType = sourcecode.c.objc; path = TransitionViewController.m; sourceTree = "<group>"; };
		56D278E225209A140065A2C5 /* UIButton+Utilities.h */ = {isa = PBXFileReference; fileEncoding = 4; lastKnownFileType = sourcecode.c.h; path = "UIButton+Utilities.h"; sourceTree = "<group>"; };
		56D278E325209A150065A2C5 /* UIButton+Utilities.m */ = {isa = PBXFileReference; fileEncoding = 4; lastKnownFileType = sourcecode.c.objc; path = "UIButton+Utilities.m"; sourceTree = "<group>"; };
		56D839302505C9F200499C8B /* SKTouchFaceIDViewController.h */ = {isa = PBXFileReference; lastKnownFileType = sourcecode.c.h; path = SKTouchFaceIDViewController.h; sourceTree = "<group>"; };
		56D839312505C9F200499C8B /* SKTouchFaceIDViewController.m */ = {isa = PBXFileReference; lastKnownFileType = sourcecode.c.objc; path = SKTouchFaceIDViewController.m; sourceTree = "<group>"; };
		56D839332505CA0100499C8B /* SKTouchFaceIDManager.h */ = {isa = PBXFileReference; lastKnownFileType = sourcecode.c.h; path = SKTouchFaceIDManager.h; sourceTree = "<group>"; };
		56D839342505CA0100499C8B /* SKTouchFaceIDManager.m */ = {isa = PBXFileReference; lastKnownFileType = sourcecode.c.objc; path = SKTouchFaceIDManager.m; sourceTree = "<group>"; };
		56D839362505CA1200499C8B /* Security.framework */ = {isa = PBXFileReference; lastKnownFileType = wrapper.framework; name = Security.framework; path = System/Library/Frameworks/Security.framework; sourceTree = SDKROOT; };
		56D839382505CCF900499C8B /* LocalAuthentication.framework */ = {isa = PBXFileReference; lastKnownFileType = wrapper.framework; name = LocalAuthentication.framework; path = System/Library/Frameworks/LocalAuthentication.framework; sourceTree = SDKROOT; };
		56E5009223B0BDA7003CCC22 /* TempViewController.h */ = {isa = PBXFileReference; lastKnownFileType = sourcecode.c.h; path = TempViewController.h; sourceTree = "<group>"; };
		56E5009323B0BDA7003CCC22 /* TempViewController.m */ = {isa = PBXFileReference; lastKnownFileType = sourcecode.c.objc; path = TempViewController.m; sourceTree = "<group>"; };
		56E5009523B0BDB0003CCC22 /* SKFancyChartManager.m */ = {isa = PBXFileReference; fileEncoding = 4; lastKnownFileType = sourcecode.c.objc; path = SKFancyChartManager.m; sourceTree = "<group>"; };
		56E5009623B0BDB1003CCC22 /* SKFancyChartManager.h */ = {isa = PBXFileReference; fileEncoding = 4; lastKnownFileType = sourcecode.c.h; path = SKFancyChartManager.h; sourceTree = "<group>"; };
		56E83F7025B7D7190046C2BD /* SKDashboardChartView.m */ = {isa = PBXFileReference; fileEncoding = 4; lastKnownFileType = sourcecode.c.objc; path = SKDashboardChartView.m; sourceTree = "<group>"; };
		56E83F7125B7D7190046C2BD /* SKDashboardChartView.h */ = {isa = PBXFileReference; fileEncoding = 4; lastKnownFileType = sourcecode.c.h; path = SKDashboardChartView.h; sourceTree = "<group>"; };
		56E83F7925B7D77D0046C2BD /* dashboard_point-skin0@2x.png */ = {isa = PBXFileReference; lastKnownFileType = image.png; path = "dashboard_point-skin0@2x.png"; sourceTree = "<group>"; };
		56E83F7A25B7D77D0046C2BD /* dashboard_point-skin0@3x.png */ = {isa = PBXFileReference; lastKnownFileType = image.png; path = "dashboard_point-skin0@3x.png"; sourceTree = "<group>"; };
		56F13BB22721543000B83A77 /* NSDate+SAMAdditions.h */ = {isa = PBXFileReference; fileEncoding = 4; lastKnownFileType = sourcecode.c.h; path = "NSDate+SAMAdditions.h"; sourceTree = "<group>"; };
		56F13BB32721543000B83A77 /* NSDate+SAMAdditions.m */ = {isa = PBXFileReference; fileEncoding = 4; lastKnownFileType = sourcecode.c.objc; path = "NSDate+SAMAdditions.m"; sourceTree = "<group>"; };
		56F4F40B2694574400DC1327 /* ExchangeIMPViewController.h */ = {isa = PBXFileReference; lastKnownFileType = sourcecode.c.h; path = ExchangeIMPViewController.h; sourceTree = "<group>"; };
		56F4F40C2694574400DC1327 /* ExchangeIMPViewController.m */ = {isa = PBXFileReference; lastKnownFileType = sourcecode.c.objc; path = ExchangeIMPViewController.m; sourceTree = "<group>"; };
		56F4F4B12696E85600DC1327 /* AVCaptureScanViewController.h */ = {isa = PBXFileReference; lastKnownFileType = sourcecode.c.h; path = AVCaptureScanViewController.h; sourceTree = "<group>"; };
		56F4F4B22696E85600DC1327 /* AVCaptureScanViewController.m */ = {isa = PBXFileReference; lastKnownFileType = sourcecode.c.objc; path = AVCaptureScanViewController.m; sourceTree = "<group>"; };
		56F4F4B42696F32F00DC1327 /* ImageShowViewController.h */ = {isa = PBXFileReference; lastKnownFileType = sourcecode.c.h; path = ImageShowViewController.h; sourceTree = "<group>"; };
		56F4F4B52696F32F00DC1327 /* ImageShowViewController.m */ = {isa = PBXFileReference; lastKnownFileType = sourcecode.c.objc; path = ImageShowViewController.m; sourceTree = "<group>"; };
		56F6B6FD22AF569B004CD3E8 /* ObjectiveCTests.xctest */ = {isa = PBXFileReference; explicitFileType = wrapper.cfbundle; includeInIndex = 0; path = ObjectiveCTests.xctest; sourceTree = BUILT_PRODUCTS_DIR; };
		56F6B6FF22AF569B004CD3E8 /* ObjectiveCTests.m */ = {isa = PBXFileReference; lastKnownFileType = sourcecode.c.objc; path = ObjectiveCTests.m; sourceTree = "<group>"; };
		56F6B70122AF569B004CD3E8 /* Info.plist */ = {isa = PBXFileReference; lastKnownFileType = text.plist.xml; path = Info.plist; sourceTree = "<group>"; };
		56FBB01E22C3631400B62637 /* MethodSwizzlingViewController.h */ = {isa = PBXFileReference; lastKnownFileType = sourcecode.c.h; path = MethodSwizzlingViewController.h; sourceTree = "<group>"; };
		56FBB01F22C3631400B62637 /* MethodSwizzlingViewController.m */ = {isa = PBXFileReference; lastKnownFileType = sourcecode.c.objc; path = MethodSwizzlingViewController.m; sourceTree = "<group>"; };
		8A77CC6A2AF1031B00A5902F /* AlignmentViewController.h */ = {isa = PBXFileReference; lastKnownFileType = sourcecode.c.h; path = AlignmentViewController.h; sourceTree = "<group>"; };
		8A77CC6B2AF1031B00A5902F /* AlignmentViewController.m */ = {isa = PBXFileReference; lastKnownFileType = sourcecode.c.objc; path = AlignmentViewController.m; sourceTree = "<group>"; };
		8A77CC6D2AF12D2400A5902F /* YYTTTAttributedLabel.m */ = {isa = PBXFileReference; fileEncoding = 4; lastKnownFileType = sourcecode.c.objc; path = YYTTTAttributedLabel.m; sourceTree = "<group>"; };
		8A77CC6E2AF12D2400A5902F /* YYTTTAttributedLabel.h */ = {isa = PBXFileReference; fileEncoding = 4; lastKnownFileType = sourcecode.c.h; path = YYTTTAttributedLabel.h; sourceTree = "<group>"; };
		8AC992E32AC2B4F500F029ED /* DistanceViewController.h */ = {isa = PBXFileReference; lastKnownFileType = sourcecode.c.h; path = DistanceViewController.h; sourceTree = "<group>"; };
		8AC992E42AC2B4F500F029ED /* DistanceViewController.m */ = {isa = PBXFileReference; lastKnownFileType = sourcecode.c.objc; path = DistanceViewController.m; sourceTree = "<group>"; };
/* End PBXFileReference section */

/* Begin PBXFrameworksBuildPhase section */
		5631DEE0214216E900692213 /* Frameworks */ = {
			isa = PBXFrameworksBuildPhase;
			buildActionMask = 2147483647;
			files = (
				56D839392505CCF900499C8B /* LocalAuthentication.framework in Frameworks */,
				5678C30521B6837C004F02BA /* CoreText.framework in Frameworks */,
				56AE8F5A26C4FA5C00919BA3 /* CoreTelephony.framework in Frameworks */,
				56D839372505CA1200499C8B /* Security.framework in Frameworks */,
				56AE8F5C26C4FA6200919BA3 /* SystemConfiguration.framework in Frameworks */,
				4C408B4F509EB96853ED767D /* libPods-ObjectiveC.a in Frameworks */,
			);
			runOnlyForDeploymentPostprocessing = 0;
		};
		56F6B6FA22AF569B004CD3E8 /* Frameworks */ = {
			isa = PBXFrameworksBuildPhase;
			buildActionMask = 2147483647;
			files = (
			);
			runOnlyForDeploymentPostprocessing = 0;
		};
/* End PBXFrameworksBuildPhase section */

/* Begin PBXGroup section */
		13FF093F8EB61EA20231AAAE /* Frameworks */ = {
			isa = PBXGroup;
			children = (
				56AE8F5B26C4FA6200919BA3 /* SystemConfiguration.framework */,
				56AE8F5926C4FA5C00919BA3 /* CoreTelephony.framework */,
				56D839382505CCF900499C8B /* LocalAuthentication.framework */,
				56D839362505CA1200499C8B /* Security.framework */,
				5678C30421B6837C004F02BA /* CoreText.framework */,
				0137F9D88FF50D453822F7DD /* libPods-ObjectiveC.a */,
			);
			name = Frameworks;
			sourceTree = "<group>";
		};
		560202C12398E227002C8BE6 /* UICollectionView */ = {
			isa = PBXGroup;
			children = (
				5629A9FB2398EA870060575A /* UICollectionViewCenterItemViewController.h */,
				5629A9FA2398EA870060575A /* UICollectionViewCenterItemViewController.m */,
				5629AA4F2398EEA60060575A /* SDTopListHeaderCollectionFlowLayout.h */,
				5629AA4E2398EEA60060575A /* SDTopListHeaderCollectionFlowLayout.m */,
			);
			path = UICollectionView;
			sourceTree = "<group>";
		};
		5609875425B12FE500F5586D /* ArcView */ = {
			isa = PBXGroup;
			children = (
				5609875525B12FF700F5586D /* DrawViewController.h */,
				5609875625B12FF700F5586D /* DrawViewController.m */,
				5609875825B1300800F5586D /* DrawArcView.h */,
				5609875925B1300800F5586D /* DrawArcView.m */,
				56E83F7125B7D7190046C2BD /* SKDashboardChartView.h */,
				56E83F7025B7D7190046C2BD /* SKDashboardChartView.m */,
				56E83F7925B7D77D0046C2BD /* dashboard_point-skin0@2x.png */,
				56E83F7A25B7D77D0046C2BD /* dashboard_point-skin0@3x.png */,
			);
			path = ArcView;
			sourceTree = "<group>";
		};
		561EB4B222C9F20A00B88D4D /* NSDataFormatter */ = {
			isa = PBXGroup;
			children = (
				561EB4B322C9F21700B88D4D /* DataFormatterViewController.h */,
				561EB4B422C9F21700B88D4D /* DataFormatterViewController.m */,
				56F13BB22721543000B83A77 /* NSDate+SAMAdditions.h */,
				56F13BB32721543000B83A77 /* NSDate+SAMAdditions.m */,
			);
			path = NSDataFormatter;
			sourceTree = "<group>";
		};
		5622C0DA21AB973300192420 /* TableViewSelectedCell */ = {
			isa = PBXGroup;
			children = (
				5622C0DB21AB975100192420 /* TableViewSelectedCellController.h */,
				5622C0DC21AB975100192420 /* TableViewSelectedCellController.m */,
			);
			path = TableViewSelectedCell;
			sourceTree = "<group>";
		};
		5631DEDA214216E900692213 = {
			isa = PBXGroup;
			children = (
				5631DEE5214216E900692213 /* ObjectiveC */,
				56F6B6FE22AF569B004CD3E8 /* ObjectiveCTests */,
				56692DBB2775C72E00BA160B /* Build */,
				56692DCC2775C74E00BA160B /* Buildl */,
				5631DEE4214216E900692213 /* Products */,
				F9583D2652B7D173812F9BF5 /* Pods */,
				13FF093F8EB61EA20231AAAE /* Frameworks */,
			);
			sourceTree = "<group>";
		};
		5631DEE4214216E900692213 /* Products */ = {
			isa = PBXGroup;
			children = (
				5631DEE3214216E900692213 /* ObjectiveC.app */,
				56F6B6FD22AF569B004CD3E8 /* ObjectiveCTests.xctest */,
			);
			name = Products;
			sourceTree = "<group>";
		};
		5631DEE5214216E900692213 /* ObjectiveC */ = {
			isa = PBXGroup;
			children = (
				5631DEE6214216E900692213 /* AppDelegate.h */,
				5631DEE7214216E900692213 /* AppDelegate.m */,
				5631DEE9214216E900692213 /* ViewController.h */,
				5631DEEA214216E900692213 /* ViewController.m */,
				56B322BB222E24B600F25511 /* Public */,
				566D3D55214F996A00826545 /* Class */,
				5631DEEF214216EB00692213 /* Assets.xcassets */,
				5631DEF1214216EB00692213 /* LaunchScreen.storyboard */,
				5631DEF4214216EB00692213 /* Info.plist */,
				5631DEF5214216EB00692213 /* main.m */,
			);
			path = ObjectiveC;
			sourceTree = "<group>";
		};
		5666466527BF9A6900EF9FF0 /* Xcode */ = {
			isa = PBXGroup;
			children = (
				5666466627BF9A7400EF9FF0 /* XcodeViewController.h */,
				5666466727BF9A7400EF9FF0 /* XcodeViewController.m */,
			);
			path = Xcode;
			sourceTree = "<group>";
		};
		5667C3B7277EE13000C182C0 /* AlertContrller */ = {
			isa = PBXGroup;
			children = (
				5667C3B8277EE15000C182C0 /* CustomAlertViewController.h */,
				5667C3B9277EE15000C182C0 /* CustomAlertViewController.m */,
			);
			path = AlertContrller;
			sourceTree = "<group>";
		};
		56692CC927735C0A00BA160B /* BundleId */ = {
			isa = PBXGroup;
			children = (
				56692CCA27735C2300BA160B /* BundleIdViewController.h */,
				56692CCB27735C2300BA160B /* BundleIdViewController.m */,
			);
			path = BundleId;
			sourceTree = "<group>";
		};
		56692DBB2775C72E00BA160B /* Build */ = {
			isa = PBXGroup;
			children = (
				56692DBC2775C72E00BA160B /* Build.h */,
				56692DBD2775C72E00BA160B /* Build.docc */,
			);
			path = Build;
			sourceTree = "<group>";
		};
		56692DCC2775C74E00BA160B /* Buildl */ = {
			isa = PBXGroup;
			children = (
				56692DCD2775C74E00BA160B /* Buildl.h */,
				56692DCE2775C74E00BA160B /* Buildl.m */,
			);
			path = Buildl;
			sourceTree = "<group>";
		};
		5669613B26F19878003C933A /* JDInfo */ = {
			isa = PBXGroup;
			children = (
				5669613C26F19888003C933A /* JDBBaseInfoModule.framework */,
				5669613E26F1989D003C933A /* JDInfoViewController.h */,
				5669613F26F1989D003C933A /* JDInfoViewController.m */,
			);
			path = JDInfo;
			sourceTree = "<group>";
		};
		566D3D55214F996A00826545 /* Class */ = {
			isa = PBXGroup;
			children = (
				8A77CC692AF1030800A5902F /* Alignment */,
				8AC992E22AC2B4E400F029ED /* DistanceViewController */,
				5666466527BF9A6900EF9FF0 /* Xcode */,
				56B83BF4278C6C3700482C94 /* Transition */,
				5667C3B7277EE13000C182C0 /* AlertContrller */,
				56692CC927735C0A00BA160B /* BundleId */,
				5669613B26F19878003C933A /* JDInfo */,
				56AE8F5826C4FA4200919BA3 /* Carrier */,
				56F4F4B02696E84700DC1327 /* AVCapture */,
				56F4F40A2694573500DC1327 /* ExchangeIMP */,
				5609875425B12FE500F5586D /* ArcView */,
				56D8392F2505C9DE00499C8B /* TouchFaceID */,
				56E5009123B0BD9A003CCC22 /* TempViewController */,
				560202C12398E227002C8BE6 /* UICollectionView */,
				569228B6237416F200FC3231 /* UIStackView */,
				561EB4B222C9F20A00B88D4D /* NSDataFormatter */,
				56FBB01D22C362F100B62637 /* MethodSwizzling */,
				56B322B7222E241D00F25511 /* MasonryViewController */,
				5678C21A21B502AB004F02BA /* TextLabel */,
				5622C0DA21AB973300192420 /* TableViewSelectedCell */,
				56B23D362188592500048159 /* SearchViewController */,
				566D3D5A214F9D9800826545 /* MenuViewController */,
				566D3D56214F996A00826545 /* ScrollHeader */,
			);
			path = Class;
			sourceTree = "<group>";
		};
		566D3D56214F996A00826545 /* ScrollHeader */ = {
			isa = PBXGroup;
			children = (
				566D3D57214F997C00826545 /* ScrollHeaderViewController.h */,
				566D3D58214F997C00826545 /* ScrollHeaderViewController.m */,
				5631DEFC2142196C00692213 /* timg.jpeg */,
			);
			path = ScrollHeader;
			sourceTree = "<group>";
		};
		566D3D5A214F9D9800826545 /* MenuViewController */ = {
			isa = PBXGroup;
			children = (
				566D3D5B214F9DAA00826545 /* MenuViewController.h */,
				566D3D5C214F9DAA00826545 /* MenuViewController.m */,
			);
			name = MenuViewController;
			path = ObjectiveC/Class/MenuViewController;
			sourceTree = SOURCE_ROOT;
		};
		5678C21A21B502AB004F02BA /* TextLabel */ = {
			isa = PBXGroup;
			children = (
				5678C21B21B502BC004F02BA /* TextLabelViewController.h */,
				5678C21C21B502BC004F02BA /* TextLabelViewController.m */,
				5678C30321B68222004F02BA /* NSAttributedString+JKAdditions.h */,
				5678C30121B681FE004F02BA /* NSAttributedString+JKAdditions.m */,
				566E1A7B24A1D5A100256B86 /* TTTAttributedLabel.h */,
				566E1A7C24A1D5A100256B86 /* TTTAttributedLabel.m */,
			);
			path = TextLabel;
			sourceTree = "<group>";
		};
		569228B6237416F200FC3231 /* UIStackView */ = {
			isa = PBXGroup;
			children = (
				569228B72374170400FC3231 /* UIStackViewController.h */,
				569228B82374170400FC3231 /* UIStackViewController.m */,
			);
			path = UIStackView;
			sourceTree = "<group>";
		};
		5694B546250F4E4500432BEE /* SAMKeychain */ = {
			isa = PBXGroup;
			children = (
				5694B548250F4E4500432BEE /* SAMKeychain.h */,
				5694B54A250F4E4500432BEE /* SAMKeychain.m */,
				5694B549250F4E4500432BEE /* SAMKeychainQuery.h */,
				5694B547250F4E4500432BEE /* SAMKeychainQuery.m */,
			);
			path = SAMKeychain;
			sourceTree = "<group>";
		};
		56AE8F5826C4FA4200919BA3 /* Carrier */ = {
			isa = PBXGroup;
			children = (
				56AE8F5D26C4FA7200919BA3 /* CarrierViewController.h */,
				56AE8F5E26C4FA7200919BA3 /* CarrierViewController.m */,
				56AE8F6126C60B6400919BA3 /* STKNetworkReachabilityManager.h */,
				56AE8F6026C60B6400919BA3 /* STKNetworkReachabilityManager.m */,
			);
			path = Carrier;
			sourceTree = "<group>";
		};
		56B23D362188592500048159 /* SearchViewController */ = {
			isa = PBXGroup;
			children = (
				56B23D372188594000048159 /* SearchContentViewController.h */,
				56B23D382188594000048159 /* SearchContentViewController.m */,
			);
			path = SearchViewController;
			sourceTree = "<group>";
		};
		56B322B7222E241D00F25511 /* MasonryViewController */ = {
			isa = PBXGroup;
			children = (
				56B322B8222E242B00F25511 /* MasonryViewController.h */,
				56B322B9222E242B00F25511 /* MasonryViewController.m */,
			);
			path = MasonryViewController;
			sourceTree = "<group>";
		};
		56B322BB222E24B600F25511 /* Public */ = {
			isa = PBXGroup;
			children = (
				56B322BC222E24B600F25511 /* UIView+Extension.h */,
				56B322BD222E24B600F25511 /* UIView+Extension.m */,
			);
			path = Public;
			sourceTree = "<group>";
		};
		56B83BF4278C6C3700482C94 /* Transition */ = {
			isa = PBXGroup;
			children = (
				56B83BF6278C6C3700482C94 /* JDTTransition.h */,
				56B83BF5278C6C3700482C94 /* JDTTransition.m */,
				56B83BF8278C6C4E00482C94 /* TransitionViewController.h */,
				56B83BF9278C6C4E00482C94 /* TransitionViewController.m */,
			);
			path = Transition;
			sourceTree = "<group>";
		};
		56D8392F2505C9DE00499C8B /* TouchFaceID */ = {
			isa = PBXGroup;
			children = (
				56D839302505C9F200499C8B /* SKTouchFaceIDViewController.h */,
				56D839312505C9F200499C8B /* SKTouchFaceIDViewController.m */,
				56D839332505CA0100499C8B /* SKTouchFaceIDManager.h */,
				56D839342505CA0100499C8B /* SKTouchFaceIDManager.m */,
				5694B546250F4E4500432BEE /* SAMKeychain */,
			);
			path = TouchFaceID;
			sourceTree = "<group>";
		};
		56E5009123B0BD9A003CCC22 /* TempViewController */ = {
			isa = PBXGroup;
			children = (
				561643322519E68900F98325 /* UIGestureRecognizer+Extension.h */,
				561643312519E68900F98325 /* UIGestureRecognizer+Extension.m */,
				56E5009223B0BDA7003CCC22 /* TempViewController.h */,
				56E5009323B0BDA7003CCC22 /* TempViewController.m */,
				56E5009623B0BDB1003CCC22 /* SKFancyChartManager.h */,
				56E5009523B0BDB0003CCC22 /* SKFancyChartManager.m */,
				56D278E225209A140065A2C5 /* UIButton+Utilities.h */,
				56D278E325209A150065A2C5 /* UIButton+Utilities.m */,
			);
			path = TempViewController;
			sourceTree = "<group>";
		};
		56F4F40A2694573500DC1327 /* ExchangeIMP */ = {
			isa = PBXGroup;
			children = (
				56F4F40B2694574400DC1327 /* ExchangeIMPViewController.h */,
				56F4F40C2694574400DC1327 /* ExchangeIMPViewController.m */,
			);
			path = ExchangeIMP;
			sourceTree = "<group>";
		};
		56F4F4B02696E84700DC1327 /* AVCapture */ = {
			isa = PBXGroup;
			children = (
				56F4F4B12696E85600DC1327 /* AVCaptureScanViewController.h */,
				56F4F4B22696E85600DC1327 /* AVCaptureScanViewController.m */,
				56F4F4B42696F32F00DC1327 /* ImageShowViewController.h */,
				56F4F4B52696F32F00DC1327 /* ImageShowViewController.m */,
			);
			path = AVCapture;
			sourceTree = "<group>";
		};
		56F6B6FE22AF569B004CD3E8 /* ObjectiveCTests */ = {
			isa = PBXGroup;
			children = (
				56F6B6FF22AF569B004CD3E8 /* ObjectiveCTests.m */,
				56F6B70122AF569B004CD3E8 /* Info.plist */,
			);
			path = ObjectiveCTests;
			sourceTree = "<group>";
		};
		56FBB01D22C362F100B62637 /* MethodSwizzling */ = {
			isa = PBXGroup;
			children = (
				56FBB01E22C3631400B62637 /* MethodSwizzlingViewController.h */,
				56FBB01F22C3631400B62637 /* MethodSwizzlingViewController.m */,
			);
			path = MethodSwizzling;
			sourceTree = "<group>";
		};
		8A77CC692AF1030800A5902F /* Alignment */ = {
			isa = PBXGroup;
			children = (
				8A77CC6E2AF12D2400A5902F /* YYTTTAttributedLabel.h */,
				8A77CC6D2AF12D2400A5902F /* YYTTTAttributedLabel.m */,
				8A77CC6A2AF1031B00A5902F /* AlignmentViewController.h */,
				8A77CC6B2AF1031B00A5902F /* AlignmentViewController.m */,
			);
			path = Alignment;
			sourceTree = "<group>";
		};
		8AC992E22AC2B4E400F029ED /* DistanceViewController */ = {
			isa = PBXGroup;
			children = (
				8AC992E32AC2B4F500F029ED /* DistanceViewController.h */,
				8AC992E42AC2B4F500F029ED /* DistanceViewController.m */,
			);
			path = DistanceViewController;
			sourceTree = "<group>";
		};
		F9583D2652B7D173812F9BF5 /* Pods */ = {
			isa = PBXGroup;
			children = (
				36BFF87AC8F9E74D1D02771C /* Pods-ObjectiveC.debug.xcconfig */,
				4C6FBB53E66BB5A5EF04474C /* Pods-ObjectiveC.release.xcconfig */,
			);
			name = Pods;
			sourceTree = "<group>";
		};
/* End PBXGroup section */

/* Begin PBXNativeTarget section */
		5631DEE2214216E900692213 /* ObjectiveC */ = {
			isa = PBXNativeTarget;
			buildConfigurationList = 5631DEF9214216EB00692213 /* Build configuration list for PBXNativeTarget "ObjectiveC" */;
			buildPhases = (
				5C3C0B1E7B062CE87BC8EE74 /* [CP] Check Pods Manifest.lock */,
				5631DEE0214216E900692213 /* Frameworks */,
				5631DEDF214216E900692213 /* Sources */,
				5631DEE1214216E900692213 /* Resources */,
				5669615226F1D854003C933A /* Embed Frameworks */,
			);
			buildRules = (
			);
			dependencies = (
			);
			name = ObjectiveC;
			productName = ObjectiveC;
			productReference = 5631DEE3214216E900692213 /* ObjectiveC.app */;
			productType = "com.apple.product-type.application";
		};
		56F6B6FC22AF569B004CD3E8 /* ObjectiveCTests */ = {
			isa = PBXNativeTarget;
			buildConfigurationList = 56F6B70622AF569C004CD3E8 /* Build configuration list for PBXNativeTarget "ObjectiveCTests" */;
			buildPhases = (
				56F6B6F922AF569B004CD3E8 /* Sources */,
				56F6B6FA22AF569B004CD3E8 /* Frameworks */,
				56F6B6FB22AF569B004CD3E8 /* Resources */,
			);
			buildRules = (
			);
			dependencies = (
				56F6B70322AF569B004CD3E8 /* PBXTargetDependency */,
			);
			name = ObjectiveCTests;
			productName = ObjectiveCTests;
			productReference = 56F6B6FD22AF569B004CD3E8 /* ObjectiveCTests.xctest */;
			productType = "com.apple.product-type.bundle.unit-test";
		};
/* End PBXNativeTarget section */

/* Begin PBXProject section */
		5631DEDB214216E900692213 /* Project object */ = {
			isa = PBXProject;
			attributes = {
				DefaultBuildSystemTypeForWorkspace = Original;
				LastUpgradeCheck = 0940;
				ORGANIZATIONNAME = "张春鹏";
				TargetAttributes = {
					5631DEE2214216E900692213 = {
						CreatedOnToolsVersion = 9.4.1;
					};
					56F6B6FC22AF569B004CD3E8 = {
						CreatedOnToolsVersion = 10.2.1;
						TestTargetID = 5631DEE2214216E900692213;
					};
				};
			};
			buildConfigurationList = 5631DEDE214216E900692213 /* Build configuration list for PBXProject "ObjectiveC" */;
			compatibilityVersion = "Xcode 9.3";
			developmentRegion = en;
			hasScannedForEncodings = 0;
			knownRegions = (
				en,
				Base,
			);
			mainGroup = 5631DEDA214216E900692213;
			productRefGroup = 5631DEE4214216E900692213 /* Products */;
			projectDirPath = "";
			projectRoot = "";
			targets = (
				5631DEE2214216E900692213 /* ObjectiveC */,
				56F6B6FC22AF569B004CD3E8 /* ObjectiveCTests */,
			);
		};
/* End PBXProject section */

/* Begin PBXResourcesBuildPhase section */
		5631DEE1214216E900692213 /* Resources */ = {
			isa = PBXResourcesBuildPhase;
			buildActionMask = 2147483647;
			files = (
				56E83F7B25B7D77D0046C2BD /* dashboard_point-skin0@2x.png in Resources */,
				5631DEF3214216EB00692213 /* LaunchScreen.storyboard in Resources */,
				56E83F7C25B7D77D0046C2BD /* dashboard_point-skin0@3x.png in Resources */,
				5631DEF0214216EB00692213 /* Assets.xcassets in Resources */,
				5631DEFD2142196C00692213 /* timg.jpeg in Resources */,
			);
			runOnlyForDeploymentPostprocessing = 0;
		};
		56F6B6FB22AF569B004CD3E8 /* Resources */ = {
			isa = PBXResourcesBuildPhase;
			buildActionMask = 2147483647;
			files = (
			);
			runOnlyForDeploymentPostprocessing = 0;
		};
/* End PBXResourcesBuildPhase section */

/* Begin PBXShellScriptBuildPhase section */
		5C3C0B1E7B062CE87BC8EE74 /* [CP] Check Pods Manifest.lock */ = {
			isa = PBXShellScriptBuildPhase;
			buildActionMask = 2147483647;
			files = (
			);
			inputFileListPaths = (
			);
			inputPaths = (
				"${PODS_PODFILE_DIR_PATH}/Podfile.lock",
				"${PODS_ROOT}/Manifest.lock",
			);
			name = "[CP] Check Pods Manifest.lock";
			outputFileListPaths = (
			);
			outputPaths = (
				"$(DERIVED_FILE_DIR)/Pods-ObjectiveC-checkManifestLockResult.txt",
			);
			runOnlyForDeploymentPostprocessing = 0;
			shellPath = /bin/sh;
			shellScript = "diff \"${PODS_PODFILE_DIR_PATH}/Podfile.lock\" \"${PODS_ROOT}/Manifest.lock\" > /dev/null\nif [ $? != 0 ] ; then\n    # print error to STDERR\n    echo \"error: The sandbox is not in sync with the Podfile.lock. Run 'pod install' or update your CocoaPods installation.\" >&2\n    exit 1\nfi\n# This output is used by Xcode 'outputs' to avoid re-running this script phase.\necho \"SUCCESS\" > \"${SCRIPT_OUTPUT_FILE_0}\"\n";
			showEnvVarsInLog = 0;
		};
/* End PBXShellScriptBuildPhase section */

/* Begin PBXSourcesBuildPhase section */
		5631DEDF214216E900692213 /* Sources */ = {
			isa = PBXSourcesBuildPhase;
			buildActionMask = 2147483647;
			files = (
				56E5009423B0BDA7003CCC22 /* TempViewController.m in Sources */,
				56B322BA222E242B00F25511 /* MasonryViewController.m in Sources */,
				5609875A25B1300800F5586D /* DrawArcView.m in Sources */,
				5629AA502398EEA60060575A /* SDTopListHeaderCollectionFlowLayout.m in Sources */,
				56F4F40D2694574400DC1327 /* ExchangeIMPViewController.m in Sources */,
				5678C21D21B502BC004F02BA /* TextLabelViewController.m in Sources */,
				56D839322505C9F200499C8B /* SKTouchFaceIDViewController.m in Sources */,
				56F4F4B62696F32F00DC1327 /* ImageShowViewController.m in Sources */,
				5669614026F1989D003C933A /* JDInfoViewController.m in Sources */,
				56B322BE222E24B600F25511 /* UIView+Extension.m in Sources */,
				5631DEEB214216E900692213 /* ViewController.m in Sources */,
				561EB4B522C9F21700B88D4D /* DataFormatterViewController.m in Sources */,
				5631DEF6214216EB00692213 /* main.m in Sources */,
				566E1A7D24A1D5A100256B86 /* TTTAttributedLabel.m in Sources */,
				56B23D392188594000048159 /* SearchContentViewController.m in Sources */,
				8AC992E52AC2B4F500F029ED /* DistanceViewController.m in Sources */,
				5678C30221B681FE004F02BA /* NSAttributedString+JKAdditions.m in Sources */,
				5694B54B250F4E4500432BEE /* SAMKeychainQuery.m in Sources */,
				56E5009723B0BDB1003CCC22 /* SKFancyChartManager.m in Sources */,
				566D3D59214F997C00826545 /* ScrollHeaderViewController.m in Sources */,
				56E83F7225B7D7190046C2BD /* SKDashboardChartView.m in Sources */,
				561643332519E68900F98325 /* UIGestureRecognizer+Extension.m in Sources */,
				5609875725B12FF700F5586D /* DrawViewController.m in Sources */,
				5694B54C250F4E4500432BEE /* SAMKeychain.m in Sources */,
				56F4F4B32696E85600DC1327 /* AVCaptureScanViewController.m in Sources */,
				5629A9FC2398EA870060575A /* UICollectionViewCenterItemViewController.m in Sources */,
				5631DEE8214216E900692213 /* AppDelegate.m in Sources */,
				56AE8F5F26C4FA7200919BA3 /* CarrierViewController.m in Sources */,
				5622C0DD21AB975100192420 /* TableViewSelectedCellController.m in Sources */,
				5667C3BA277EE15000C182C0 /* CustomAlertViewController.m in Sources */,
				566D3D5D214F9DAA00826545 /* MenuViewController.m in Sources */,
				56F13BB42721543000B83A77 /* NSDate+SAMAdditions.m in Sources */,
				56D278E425209A150065A2C5 /* UIButton+Utilities.m in Sources */,
				56AE8F6226C60B6400919BA3 /* STKNetworkReachabilityManager.m in Sources */,
				56B83BF7278C6C3700482C94 /* JDTTransition.m in Sources */,
				5666466827BF9A7400EF9FF0 /* XcodeViewController.m in Sources */,
				56B83BFA278C6C4E00482C94 /* TransitionViewController.m in Sources */,
				8A77CC6F2AF12D2400A5902F /* YYTTTAttributedLabel.m in Sources */,
				56FBB02022C3631400B62637 /* MethodSwizzlingViewController.m in Sources */,
				8A77CC6C2AF1031B00A5902F /* AlignmentViewController.m in Sources */,
				56692CCC27735C2300BA160B /* BundleIdViewController.m in Sources */,
				56D839352505CA0100499C8B /* SKTouchFaceIDManager.m in Sources */,
				569228B92374170400FC3231 /* UIStackViewController.m in Sources */,
			);
			runOnlyForDeploymentPostprocessing = 0;
		};
		56F6B6F922AF569B004CD3E8 /* Sources */ = {
			isa = PBXSourcesBuildPhase;
			buildActionMask = 2147483647;
			files = (
				56F6B70022AF569B004CD3E8 /* ObjectiveCTests.m in Sources */,
			);
			runOnlyForDeploymentPostprocessing = 0;
		};
/* End PBXSourcesBuildPhase section */

/* Begin PBXTargetDependency section */
		56F6B70322AF569B004CD3E8 /* PBXTargetDependency */ = {
			isa = PBXTargetDependency;
			target = 5631DEE2214216E900692213 /* ObjectiveC */;
			targetProxy = 56F6B70222AF569B004CD3E8 /* PBXContainerItemProxy */;
		};
/* End PBXTargetDependency section */

/* Begin PBXVariantGroup section */
		5631DEF1214216EB00692213 /* LaunchScreen.storyboard */ = {
			isa = PBXVariantGroup;
			children = (
				5631DEF2214216EB00692213 /* Base */,
			);
			name = LaunchScreen.storyboard;
			sourceTree = "<group>";
		};
/* End PBXVariantGroup section */

/* Begin XCBuildConfiguration section */
		5631DEF7214216EB00692213 /* Debug */ = {
			isa = XCBuildConfiguration;
			buildSettings = {
				ALWAYS_SEARCH_USER_PATHS = NO;
				CLANG_ANALYZER_NONNULL = YES;
				CLANG_ANALYZER_NUMBER_OBJECT_CONVERSION = YES_AGGRESSIVE;
				CLANG_CXX_LANGUAGE_STANDARD = "gnu++14";
				CLANG_CXX_LIBRARY = "libc++";
				CLANG_ENABLE_MODULES = YES;
				CLANG_ENABLE_OBJC_ARC = YES;
				CLANG_ENABLE_OBJC_WEAK = YES;
				CLANG_WARN_BLOCK_CAPTURE_AUTORELEASING = YES;
				CLANG_WARN_BOOL_CONVERSION = YES;
				CLANG_WARN_COMMA = YES;
				CLANG_WARN_CONSTANT_CONVERSION = YES;
				CLANG_WARN_DEPRECATED_OBJC_IMPLEMENTATIONS = YES;
				CLANG_WARN_DIRECT_OBJC_ISA_USAGE = YES_ERROR;
				CLANG_WARN_DOCUMENTATION_COMMENTS = YES;
				CLANG_WARN_EMPTY_BODY = YES;
				CLANG_WARN_ENUM_CONVERSION = YES;
				CLANG_WARN_INFINITE_RECURSION = YES;
				CLANG_WARN_INT_CONVERSION = YES;
				CLANG_WARN_NON_LITERAL_NULL_CONVERSION = YES;
				CLANG_WARN_OBJC_IMPLICIT_RETAIN_SELF = YES;
				CLANG_WARN_OBJC_LITERAL_CONVERSION = YES;
				CLANG_WARN_OBJC_ROOT_CLASS = YES_ERROR;
				CLANG_WARN_RANGE_LOOP_ANALYSIS = YES;
				CLANG_WARN_STRICT_PROTOTYPES = YES;
				CLANG_WARN_SUSPICIOUS_MOVE = YES;
				CLANG_WARN_UNGUARDED_AVAILABILITY = YES_AGGRESSIVE;
				CLANG_WARN_UNREACHABLE_CODE = YES;
				CLANG_WARN__DUPLICATE_METHOD_MATCH = YES;
				CODE_SIGN_IDENTITY = "iPhone Developer";
				COPY_PHASE_STRIP = NO;
				DEBUG_INFORMATION_FORMAT = dwarf;
				ENABLE_STRICT_OBJC_MSGSEND = YES;
				ENABLE_TESTABILITY = YES;
				GCC_C_LANGUAGE_STANDARD = gnu11;
				GCC_DYNAMIC_NO_PIC = NO;
				GCC_NO_COMMON_BLOCKS = YES;
				GCC_OPTIMIZATION_LEVEL = 0;
				GCC_PREPROCESSOR_DEFINITIONS = (
					"DEBUG=1",
					"$(inherited)",
				);
				GCC_WARN_64_TO_32_BIT_CONVERSION = YES;
				GCC_WARN_ABOUT_RETURN_TYPE = YES_ERROR;
				GCC_WARN_UNDECLARED_SELECTOR = YES;
				GCC_WARN_UNINITIALIZED_AUTOS = YES_AGGRESSIVE;
				GCC_WARN_UNUSED_FUNCTION = YES;
				GCC_WARN_UNUSED_VARIABLE = YES;
				IPHONEOS_DEPLOYMENT_TARGET = 11.4;
				MTL_ENABLE_DEBUG_INFO = YES;
				ONLY_ACTIVE_ARCH = YES;
				SDKROOT = iphoneos;
			};
			name = Debug;
		};
		5631DEF8214216EB00692213 /* Release */ = {
			isa = XCBuildConfiguration;
			buildSettings = {
				ALWAYS_SEARCH_USER_PATHS = NO;
				CLANG_ANALYZER_NONNULL = YES;
				CLANG_ANALYZER_NUMBER_OBJECT_CONVERSION = YES_AGGRESSIVE;
				CLANG_CXX_LANGUAGE_STANDARD = "gnu++14";
				CLANG_CXX_LIBRARY = "libc++";
				CLANG_ENABLE_MODULES = YES;
				CLANG_ENABLE_OBJC_ARC = YES;
				CLANG_ENABLE_OBJC_WEAK = YES;
				CLANG_WARN_BLOCK_CAPTURE_AUTORELEASING = YES;
				CLANG_WARN_BOOL_CONVERSION = YES;
				CLANG_WARN_COMMA = YES;
				CLANG_WARN_CONSTANT_CONVERSION = YES;
				CLANG_WARN_DEPRECATED_OBJC_IMPLEMENTATIONS = YES;
				CLANG_WARN_DIRECT_OBJC_ISA_USAGE = YES_ERROR;
				CLANG_WARN_DOCUMENTATION_COMMENTS = YES;
				CLANG_WARN_EMPTY_BODY = YES;
				CLANG_WARN_ENUM_CONVERSION = YES;
				CLANG_WARN_INFINITE_RECURSION = YES;
				CLANG_WARN_INT_CONVERSION = YES;
				CLANG_WARN_NON_LITERAL_NULL_CONVERSION = YES;
				CLANG_WARN_OBJC_IMPLICIT_RETAIN_SELF = YES;
				CLANG_WARN_OBJC_LITERAL_CONVERSION = YES;
				CLANG_WARN_OBJC_ROOT_CLASS = YES_ERROR;
				CLANG_WARN_RANGE_LOOP_ANALYSIS = YES;
				CLANG_WARN_STRICT_PROTOTYPES = YES;
				CLANG_WARN_SUSPICIOUS_MOVE = YES;
				CLANG_WARN_UNGUARDED_AVAILABILITY = YES_AGGRESSIVE;
				CLANG_WARN_UNREACHABLE_CODE = YES;
				CLANG_WARN__DUPLICATE_METHOD_MATCH = YES;
				CODE_SIGN_IDENTITY = "iPhone Developer";
				COPY_PHASE_STRIP = NO;
				DEBUG_INFORMATION_FORMAT = "dwarf-with-dsym";
				ENABLE_NS_ASSERTIONS = NO;
				ENABLE_STRICT_OBJC_MSGSEND = YES;
				GCC_C_LANGUAGE_STANDARD = gnu11;
				GCC_NO_COMMON_BLOCKS = YES;
				GCC_WARN_64_TO_32_BIT_CONVERSION = YES;
				GCC_WARN_ABOUT_RETURN_TYPE = YES_ERROR;
				GCC_WARN_UNDECLARED_SELECTOR = YES;
				GCC_WARN_UNINITIALIZED_AUTOS = YES_AGGRESSIVE;
				GCC_WARN_UNUSED_FUNCTION = YES;
				GCC_WARN_UNUSED_VARIABLE = YES;
				IPHONEOS_DEPLOYMENT_TARGET = 11.4;
				MTL_ENABLE_DEBUG_INFO = NO;
				SDKROOT = iphoneos;
				VALIDATE_PRODUCT = YES;
			};
			name = Release;
		};
		5631DEFA214216EB00692213 /* Debug */ = {
			isa = XCBuildConfiguration;
			baseConfigurationReference = 36BFF87AC8F9E74D1D02771C /* Pods-ObjectiveC.debug.xcconfig */;
			buildSettings = {
				ARCHS = (
					"$(ARCHS_STANDARD)",
					x86_64,
					arm64,
				);
				ASSETCATALOG_COMPILER_APPICON_NAME = AppIcon;
				CODE_SIGN_STYLE = Automatic;
				DEVELOPMENT_TEAM = KELVN2Q7P4;
				ENABLE_BITCODE = NO;
				FRAMEWORK_SEARCH_PATHS = (
					"$(inherited)",
					"$(PROJECT_DIR)/ObjectiveC/Class/JDInfo",
				);
				GCC_C_LANGUAGE_STANDARD = gnu99;
				INFOPLIST_FILE = ObjectiveC/Info.plist;
				IPHONEOS_DEPLOYMENT_TARGET = 10.0;
				LD_RUNPATH_SEARCH_PATHS = (
					"$(inherited)",
					"@executable_path/Frameworks",
				);
				PRODUCT_BUNDLE_IDENTIFIER = con.zhcpeng.ObjectiveC;
				PRODUCT_NAME = "$(TARGET_NAME)";
				TARGETED_DEVICE_FAMILY = 1;
				VALID_ARCHS = "arm64 arm64e armv7 x86_64";
			};
			name = Debug;
		};
		5631DEFB214216EB00692213 /* Release */ = {
			isa = XCBuildConfiguration;
			baseConfigurationReference = 4C6FBB53E66BB5A5EF04474C /* Pods-ObjectiveC.release.xcconfig */;
			buildSettings = {
				ASSETCATALOG_COMPILER_APPICON_NAME = AppIcon;
				CODE_SIGN_STYLE = Automatic;
				DEVELOPMENT_TEAM = KELVN2Q7P4;
				ENABLE_BITCODE = NO;
				FRAMEWORK_SEARCH_PATHS = (
					"$(inherited)",
					"$(PROJECT_DIR)/ObjectiveC/Class/JDInfo",
				);
				GCC_C_LANGUAGE_STANDARD = gnu99;
				INFOPLIST_FILE = ObjectiveC/Info.plist;
				IPHONEOS_DEPLOYMENT_TARGET = 10.0;
				LD_RUNPATH_SEARCH_PATHS = (
					"$(inherited)",
					"@executable_path/Frameworks",
				);
				PRODUCT_BUNDLE_IDENTIFIER = con.zhcpeng.ObjectiveC;
				PRODUCT_NAME = "$(TARGET_NAME)";
				TARGETED_DEVICE_FAMILY = 1;
				VALID_ARCHS = "arm64 arm64e armv7 x86_64";
			};
			name = Release;
		};
		56F6B70422AF569C004CD3E8 /* Debug */ = {
			isa = XCBuildConfiguration;
			buildSettings = {
				BUNDLE_LOADER = "$(TEST_HOST)";
				CODE_SIGN_STYLE = Automatic;
				DEVELOPMENT_TEAM = KELVN2Q7P4;
				INFOPLIST_FILE = ObjectiveCTests/Info.plist;
				IPHONEOS_DEPLOYMENT_TARGET = 12.2;
				LD_RUNPATH_SEARCH_PATHS = (
					"$(inherited)",
					"@executable_path/Frameworks",
					"@loader_path/Frameworks",
				);
				MTL_ENABLE_DEBUG_INFO = INCLUDE_SOURCE;
				MTL_FAST_MATH = YES;
				PRODUCT_BUNDLE_IDENTIFIER = com.zhcpeng.ObjectiveCTests;
				PRODUCT_NAME = "$(TARGET_NAME)";
				TARGETED_DEVICE_FAMILY = "1,2";
				TEST_HOST = "$(BUILT_PRODUCTS_DIR)/ObjectiveC.app/ObjectiveC";
			};
			name = Debug;
		};
		56F6B70522AF569C004CD3E8 /* Release */ = {
			isa = XCBuildConfiguration;
			buildSettings = {
				BUNDLE_LOADER = "$(TEST_HOST)";
				CODE_SIGN_STYLE = Automatic;
				DEVELOPMENT_TEAM = KELVN2Q7P4;
				INFOPLIST_FILE = ObjectiveCTests/Info.plist;
				IPHONEOS_DEPLOYMENT_TARGET = 12.2;
				LD_RUNPATH_SEARCH_PATHS = (
					"$(inherited)",
					"@executable_path/Frameworks",
					"@loader_path/Frameworks",
				);
				MTL_FAST_MATH = YES;
				PRODUCT_BUNDLE_IDENTIFIER = com.zhcpeng.ObjectiveCTests;
				PRODUCT_NAME = "$(TARGET_NAME)";
				TARGETED_DEVICE_FAMILY = "1,2";
				TEST_HOST = "$(BUILT_PRODUCTS_DIR)/ObjectiveC.app/ObjectiveC";
			};
			name = Release;
		};
/* End XCBuildConfiguration section */

/* Begin XCConfigurationList section */
		5631DEDE214216E900692213 /* Build configuration list for PBXProject "ObjectiveC" */ = {
			isa = XCConfigurationList;
			buildConfigurations = (
				5631DEF7214216EB00692213 /* Debug */,
				5631DEF8214216EB00692213 /* Release */,
			);
			defaultConfigurationIsVisible = 0;
			defaultConfigurationName = Release;
		};
		5631DEF9214216EB00692213 /* Build configuration list for PBXNativeTarget "ObjectiveC" */ = {
			isa = XCConfigurationList;
			buildConfigurations = (
				5631DEFA214216EB00692213 /* Debug */,
				5631DEFB214216EB00692213 /* Release */,
			);
			defaultConfigurationIsVisible = 0;
			defaultConfigurationName = Release;
		};
		56F6B70622AF569C004CD3E8 /* Build configuration list for PBXNativeTarget "ObjectiveCTests" */ = {
			isa = XCConfigurationList;
			buildConfigurations = (
				56F6B70422AF569C004CD3E8 /* Debug */,
				56F6B70522AF569C004CD3E8 /* Release */,
			);
			defaultConfigurationIsVisible = 0;
			defaultConfigurationName = Release;
		};
/* End XCConfigurationList section */
	};
	rootObject = 5631DEDB214216E900692213 /* Project object */;
}
